
Microsoft Visual Studio Solution File, Format Version 12.00
# Visual Studio Version 17
VisualStudioVersion = 17.5.33516.290
MinimumVisualStudioVersion = 10.0.40219.1
Project("{FAE04EC0-301F-11D3-BF4B-00C04F79EFBC}") = "CustomerApi", "CustomerApi\CustomerApi.csproj", "{A7F5A774-E3DC-4727-916E-4E94BBB33596}"
EndProject
Global
	GlobalSection(SolutionConfigurationPlatforms) = preSolution
		Debug|Any CPU = Debug|Any CPU
		Release|Any CPU = Release|Any CPU
	EndGlobalSection
	GlobalSection(ProjectConfigurationPlatforms) = postSolution
		{A7F5A774-E3DC-4727-916E-4E94BBB33596}.Debug|Any CPU.ActiveCfg = Debug|Any CPU
		{A7F5A774-E3DC-4727-916E-4E94BBB33596}.Debug|Any CPU.Build.0 = Debug|Any CPU
		{A7F5A774-E3DC-4727-916E-4E94BBB33596}.Release|Any CPU.ActiveCfg = Release|Any CPU
		{A7F5A774-E3DC-4727-916E-4E94BBB33596}.Release|Any CPU.Build.0 = Release|Any CPU
	EndGlobalSection
	GlobalSection(SolutionProperties) = preSolution
		HideSolutionNode = FALSE
	EndGlobalSection
	GlobalSection(ExtensibilityGlobals) = postSolution
		SolutionGuid = {06ADB0CB-132B-45AE-B324-CE4B20639450}
	EndGlobalSection
EndGlobal
